{
  "name": "ng-config-cat",
  "version": "0.0.5",
  "lockfileVersion": 1,
  "requires": true,
  "dependencies": {
    "configcat-common": {
      "version": "2.5.1",
      "resolved": "https://registry.npmjs.org/configcat-common/-/configcat-common-2.5.1.tgz",
      "integrity": "sha512-ILnn+VpsXs8Z8j/vGnm6Idf6yY5RCsG72RFfiVwGkBw061/shS4gjFZs6q+KIZ6JyZCoPs8tAdQgcWnCytcUWQ=="
    },
    "configcat-js": {
      "version": "4.0.2",
      "resolved": "https://registry.npmjs.org/configcat-js/-/configcat-js-4.0.2.tgz",
      "integrity": "sha512-p7lTcAFrjRScbzCA/N2ovzEOuKsoi+hktd5IBDTU32/QAxJPn/Is/3NRqrpqBiP/UnyBsD5OECbosClNFIPtIA==",
      "requires": {
        "configcat-common": "^2.5.1"
      }
    },
    "tslib": {
      "version": "1.13.0",
      "resolved": "https://registry.npmjs.org/tslib/-/tslib-1.13.0.tgz",
      "integrity": "sha512-i/6DQjL8Xf3be4K/E6Wgpekn5Qasl1usyw++dAA35Ue5orEn65VIxOA+YvNNl9HV3qv70T7CNwjODHZrLwvd1Q=="
    }
  }
}
